
Microsoft Visual Studio Solution File, Format Version 12.00
# Visual Studio Version 17
VisualStudioVersion = 17.0.31903.59
MinimumVisualStudioVersion = 10.0.40219.1
Project("{2150E333-8FDC-42A3-9474-1A3956D46DE8}") = "src", "src", "{939256B3-81EA-46CD-956D-B6DE4A8FEA7B}"
EndProject
Project("{FAE04EC0-301F-11D3-BF4B-00C04F79EFBC}") = "Tapit.Core", "src\Tapit.Core\Tapit.Core.csproj", "{549DE8EB-012D-4518-A6A4-D92778E430F6}"
EndProject
Project("{FAE04EC0-301F-11D3-BF4B-00C04F79EFBC}") = "Tapit.Audio", "src\Tapit.Audio\Tapit.Audio.csproj", "{155FBEDD-0108-4C87-B947-AD288EF091FB}"
EndProject
Project("{2150E333-8FDC-42A3-9474-1A3956D46DE8}") = "tools", "tools", "{C87B2721-B143-4B9A-8656-734685780DFD}"
EndProject
Project("{FAE04EC0-301F-11D3-BF4B-00C04F79EFBC}") = "Tapit.MicCheck", "tools\Tapit.MicCheck\Tapit.MicCheck.csproj", "{0F4C0E01-D344-4A19-8DBB-252EABC567DD}"
EndProject
Project("{2150E333-8FDC-42A3-9474-1A3956D46DE8}") = "tests", "tests", "{0F7917FA-A5C3-4175-896A-5E1FFA4C8F7B}"
EndProject
Project("{FAE04EC0-301F-11D3-BF4B-00C04F79EFBC}") = "Tapit.Core.Tests", "tests\Tapit.Core.Tests\Tapit.Core.Tests.csproj", "{BBC62665-1BFD-40E4-8E1F-B7730E19FD4E}"
EndProject
Project("{FAE04EC0-301F-11D3-BF4B-00C04F79EFBC}") = "Tapit.Audio.Tests", "tests\Tapit.Audio.Tests\Tapit.Audio.Tests.csproj", "{389398E8-12CF-42BA-927C-A4B33FEEEC6C}"
EndProject
Project("{FAE04EC0-301F-11D3-BF4B-00C04F79EFBC}") = "Tapit.Actions", "src\Tapit.Actions\Tapit.Actions.csproj", "{C144D369-6602-45A1-956F-5309822CA03A}"
EndProject
Project("{FAE04EC0-301F-11D3-BF4B-00C04F79EFBC}") = "Tapit.App", "src\Tapit.App\Tapit.App.csproj", "{FDF7369A-895F-4ADC-AA7E-8349BCB0FE54}"
EndProject
Project("{FAE04EC0-301F-11D3-BF4B-00C04F79EFBC}") = "Tapit.AudioReplay", "tools\Tapit.AudioReplay\Tapit.AudioReplay.csproj", "{5BBAEB7E-34A8-40FE-922C-98319460C404}"
EndProject
Project("{FAE04EC0-301F-11D3-BF4B-00C04F79EFBC}") = "Tapit.Actions.Tests", "tests\Tapit.Actions.Tests\Tapit.Actions.Tests.csproj", "{E7A7BA16-5BB9-43F7-9AB0-C408EDF627F3}"
EndProject
Global
	GlobalSection(SolutionConfigurationPlatforms) = preSolution
		Debug|Any CPU = Debug|Any CPU
		Release|Any CPU = Release|Any CPU
	EndGlobalSection
	GlobalSection(SolutionProperties) = preSolution
		HideSolutionNode = FALSE
	EndGlobalSection
	GlobalSection(ProjectConfigurationPlatforms) = postSolution
		{549DE8EB-012D-4518-A6A4-D92778E430F6}.Debug|Any CPU.ActiveCfg = Debug|Any CPU
		{549DE8EB-012D-4518-A6A4-D92778E430F6}.Debug|Any CPU.Build.0 = Debug|Any CPU
		{549DE8EB-012D-4518-A6A4-D92778E430F6}.Release|Any CPU.ActiveCfg = Release|Any CPU
		{549DE8EB-012D-4518-A6A4-D92778E430F6}.Release|Any CPU.Build.0 = Release|Any CPU
		{155FBEDD-0108-4C87-B947-AD288EF091FB}.Debug|Any CPU.ActiveCfg = Debug|Any CPU
		{155FBEDD-0108-4C87-B947-AD288EF091FB}.Debug|Any CPU.Build.0 = Debug|Any CPU
		{155FBEDD-0108-4C87-B947-AD288EF091FB}.Release|Any CPU.ActiveCfg = Release|Any CPU
		{155FBEDD-0108-4C87-B947-AD288EF091FB}.Release|Any CPU.Build.0 = Release|Any CPU
		{0F4C0E01-D344-4A19-8DBB-252EABC567DD}.Debug|Any CPU.ActiveCfg = Debug|Any CPU
		{0F4C0E01-D344-4A19-8DBB-252EABC567DD}.Debug|Any CPU.Build.0 = Debug|Any CPU
		{0F4C0E01-D344-4A19-8DBB-252EABC567DD}.Release|Any CPU.ActiveCfg = Release|Any CPU
		{0F4C0E01-D344-4A19-8DBB-252EABC567DD}.Release|Any CPU.Build.0 = Release|Any CPU
		{BBC62665-1BFD-40E4-8E1F-B7730E19FD4E}.Debug|Any CPU.ActiveCfg = Debug|Any CPU
		{BBC62665-1BFD-40E4-8E1F-B7730E19FD4E}.Debug|Any CPU.Build.0 = Debug|Any CPU
		{BBC62665-1BFD-40E4-8E1F-B7730E19FD4E}.Release|Any CPU.ActiveCfg = Release|Any CPU
		{BBC62665-1BFD-40E4-8E1F-B7730E19FD4E}.Release|Any CPU.Build.0 = Release|Any CPU
		{389398E8-12CF-42BA-927C-A4B33FEEEC6C}.Debug|Any CPU.ActiveCfg = Debug|Any CPU
		{389398E8-12CF-42BA-927C-A4B33FEEEC6C}.Debug|Any CPU.Build.0 = Debug|Any CPU
		{389398E8-12CF-42BA-927C-A4B33FEEEC6C}.Release|Any CPU.ActiveCfg = Release|Any CPU
		{389398E8-12CF-42BA-927C-A4B33FEEEC6C}.Release|Any CPU.Build.0 = Release|Any CPU
		{C144D369-6602-45A1-956F-5309822CA03A}.Debug|Any CPU.ActiveCfg = Debug|Any CPU
		{C144D369-6602-45A1-956F-5309822CA03A}.Debug|Any CPU.Build.0 = Debug|Any CPU
		{C144D369-6602-45A1-956F-5309822CA03A}.Release|Any CPU.ActiveCfg = Release|Any CPU
		{C144D369-6602-45A1-956F-5309822CA03A}.Release|Any CPU.Build.0 = Release|Any CPU
		{FDF7369A-895F-4ADC-AA7E-8349BCB0FE54}.Debug|Any CPU.ActiveCfg = Debug|Any CPU
		{FDF7369A-895F-4ADC-AA7E-8349BCB0FE54}.Debug|Any CPU.Build.0 = Debug|Any CPU
		{FDF7369A-895F-4ADC-AA7E-8349BCB0FE54}.Release|Any CPU.ActiveCfg = Release|Any CPU
		{FDF7369A-895F-4ADC-AA7E-8349BCB0FE54}.Release|Any CPU.Build.0 = Release|Any CPU
		{5BBAEB7E-34A8-40FE-922C-98319460C404}.Debug|Any CPU.ActiveCfg = Debug|Any CPU
		{5BBAEB7E-34A8-40FE-922C-98319460C404}.Debug|Any CPU.Build.0 = Debug|Any CPU
		{5BBAEB7E-34A8-40FE-922C-98319460C404}.Release|Any CPU.ActiveCfg = Release|Any CPU
		{5BBAEB7E-34A8-40FE-922C-98319460C404}.Release|Any CPU.Build.0 = Release|Any CPU
		{E7A7BA16-5BB9-43F7-9AB0-C408EDF627F3}.Debug|Any CPU.ActiveCfg = Debug|Any CPU
		{E7A7BA16-5BB9-43F7-9AB0-C408EDF627F3}.Debug|Any CPU.Build.0 = Debug|Any CPU
		{E7A7BA16-5BB9-43F7-9AB0-C408EDF627F3}.Release|Any CPU.ActiveCfg = Release|Any CPU
		{E7A7BA16-5BB9-43F7-9AB0-C408EDF627F3}.Release|Any CPU.Build.0 = Release|Any CPU
	EndGlobalSection
	GlobalSection(NestedProjects) = preSolution
		{549DE8EB-012D-4518-A6A4-D92778E430F6} = {939256B3-81EA-46CD-956D-B6DE4A8FEA7B}
		{155FBEDD-0108-4C87-B947-AD288EF091FB} = {939256B3-81EA-46CD-956D-B6DE4A8FEA7B}
		{0F4C0E01-D344-4A19-8DBB-252EABC567DD} = {C87B2721-B143-4B9A-8656-734685780DFD}
		{BBC62665-1BFD-40E4-8E1F-B7730E19FD4E} = {0F7917FA-A5C3-4175-896A-5E1FFA4C8F7B}
		{389398E8-12CF-42BA-927C-A4B33FEEEC6C} = {0F7917FA-A5C3-4175-896A-5E1FFA4C8F7B}
		{C144D369-6602-45A1-956F-5309822CA03A} = {939256B3-81EA-46CD-956D-B6DE4A8FEA7B}
		{FDF7369A-895F-4ADC-AA7E-8349BCB0FE54} = {939256B3-81EA-46CD-956D-B6DE4A8FEA7B}
		{5BBAEB7E-34A8-40FE-922C-98319460C404} = {C87B2721-B143-4B9A-8656-734685780DFD}
		{E7A7BA16-5BB9-43F7-9AB0-C408EDF627F3} = {0F7917FA-A5C3-4175-896A-5E1FFA4C8F7B}
	EndGlobalSection
EndGlobal
